<?xml version="1.0" encoding="utf-8"?>
<Project ToolsVersion="4.0" xmlns="http://schemas.microsoft.com/developer/msbuild/2003">
  <ItemGroup>
    <Filter Include="Quelldateien">
      <UniqueIdentifier>{4FC737F1-C7A5-4376-A066-2A32D752A2FF}</UniqueIdentifier>
      <Extensions>cpp;c;cc;cxx;c++;cppm;ixx;def;odl;idl;hpj;bat;asm;asmx</Extensions>
    </Filter>
    <Filter Include="Headerdateien">
      <UniqueIdentifier>{93995380-89BD-4b04-88EB-625FBE52EBFB}</UniqueIdentifier>
      <Extensions>h;hh;hpp;hxx;h++;hm;inl;inc;ipp;xsd</Extensions>
    </Filter>
    <Filter Include="Ressourcendateien">
      <UniqueIdentifier>{67DA6AB6-F800-4c08-8B7A-83BB121AAD01}</UniqueIdentifier>
      <Extensions>rc;ico;cur;bmp;dlg;rc2;rct;bin;rgs;gif;jpg;jpeg;jpe;resx;tiff;tif;png;wav;mfcribbon-ms</Extensions>
    </Filter>
  </ItemGroup>
  <ItemGroup>
    <ClCompile Include="LogicLoginsystem.cpp">
      <Filter>Quelldateien</Filter>
    </ClCompile>
    <ClCompile Include="RegistrationForm.cpp">
      <Filter>Ressourcendateien</Filter>
    </ClCompile>
    <ClCompile Include="Eingabe.cpp">
      <Filter>Quelldateien</Filter>
    </ClCompile>
    <ClCompile Include="MainForm.cpp">
      <Filter>Ressourcendateien</Filter>
    </ClCompile>
    <ClCompile Include="DB_Response.cpp">
      <Filter>Quelldateien</Filter>
    </ClCompile>
    <ClCompile Include="Hilfsfunktionen_GUI.cpp">
      <Filter>Quelldateien</Filter>
    </ClCompile>
    <ClCompile Include="Nutzerprofil.cpp">
      <Filter>Quelldateien</Filter>
    </ClCompile>
    <ClCompile Include="Challenge.cpp">
      <Filter>Quelldateien</Filter>
    </ClCompile>
    <ClCompile Include="Hilfsfunktionen.cpp">
      <Filter>Quelldateien</Filter>
    </ClCompile>
    <ClCompile Include="ChartForm.cpp">
      <Filter>Ressourcendateien</Filter>
    </ClCompile>
    <ClCompile Include="DashboardForm.cpp">
      <Filter>Ressourcendateien</Filter>
    </ClCompile>
    <ClCompile Include="EingabeForm.cpp">
      <Filter>Ressourcendateien</Filter>
    </ClCompile>
    <ClCompile Include="ChallengeForm.cpp">
      <Filter>Ressourcendateien</Filter>
    </ClCompile>
    <ClCompile Include="UebungsplanForm.cpp">
      <Filter>Ressourcendateien</Filter>
    </ClCompile>
    <ClCompile Include="LoginForm.cpp">
      <Filter>Ressourcendateien</Filter>
    </ClCompile>
    <ClCompile Include="Uebung.cpp">
      <Filter>Quelldateien</Filter>
    </ClCompile>
    <ClCompile Include="Uebungsplan.cpp">
      <Filter>Quelldateien</Filter>
    </ClCompile>
  </ItemGroup>
  <ItemGroup>
    <ClInclude Include="LoginForm.h">
      <Filter>Ressourcendateien</Filter>
    </ClInclude>
    <ClInclude Include="LogicLoginsystem.h">
      <Filter>Headerdateien</Filter>
    </ClInclude>
    <ClInclude Include="RegistrationForm.h">
      <Filter>Ressourcendateien</Filter>
    </ClInclude>
    <ClInclude Include="Eingabe.h">
      <Filter>Headerdateien</Filter>
    </ClInclude>
    <ClInclude Include="Nutzerprofil.h">
      <Filter>Headerdateien</Filter>
    </ClInclude>
    <ClInclude Include="MainForm.h">
      <Filter>Ressourcendateien</Filter>
    </ClInclude>
    <ClInclude Include="DB_Response.h">
      <Filter>Headerdateien</Filter>
    </ClInclude>
    <ClInclude Include="Hilfsfunktionen_GUI.h">
      <Filter>Headerdateien</Filter>
    </ClInclude>
    <ClInclude Include="Challenge.h">
      <Filter>Headerdateien</Filter>
    </ClInclude>
    <ClInclude Include="Hilfsfunktionen.h">
      <Filter>Headerdateien</Filter>
    </ClInclude>
    <ClInclude Include="ChartForm.h">
      <Filter>Ressourcendateien</Filter>
    </ClInclude>
    <ClInclude Include="DashboardForm.h">
      <Filter>Ressourcendateien</Filter>
    </ClInclude>
    <ClInclude Include="EingabeForm.h">
      <Filter>Ressourcendateien</Filter>
    </ClInclude>
    <ClInclude Include="ChallengeForm.h">
      <Filter>Ressourcendateien</Filter>
    </ClInclude>
    <ClInclude Include="UebungsplanForm.h">
      <Filter>Ressourcendateien</Filter>
    </ClInclude>
    <ClInclude Include="Uebung.h">
      <Filter>Headerdateien</Filter>
    </ClInclude>
    <ClInclude Include="Uebungsplan.h">
      <Filter>Headerdateien</Filter>
    </ClInclude>
  </ItemGroup>
  <ItemGroup>
    <None Include="packages.config" />
  </ItemGroup>
</Project>